
Microsoft Visual Studio Solution File, Format Version 12.00
# Visual Studio Version 16
VisualStudioVersion = 16.0.31729.503
MinimumVisualStudioVersion = 10.0.40219.1
Project("{FAE04EC0-301F-11D3-BF4B-00C04F79EFBC}") = "Lab02-01", "Lab02-01.csproj", "{80B13783-1455-4935-80A7-C38906447EDB}"
EndProject
Global
	GlobalSection(SolutionConfigurationPlatforms) = preSolution
		Debug|Any CPU = Debug|Any CPU
		Release|Any CPU = Release|Any CPU
	EndGlobalSection
	GlobalSection(ProjectConfigurationPlatforms) = postSolution
		{80B13783-1455-4935-80A7-C38906447EDB}.Debug|Any CPU.ActiveCfg = Debug|Any CPU
		{80B13783-1455-4935-80A7-C38906447EDB}.Debug|Any CPU.Build.0 = Debug|Any CPU
		{80B13783-1455-4935-80A7-C38906447EDB}.Release|Any CPU.ActiveCfg = Release|Any CPU
		{80B13783-1455-4935-80A7-C38906447EDB}.Release|Any CPU.Build.0 = Release|Any CPU
	EndGlobalSection
	GlobalSection(SolutionProperties) = preSolution
		HideSolutionNode = FALSE
	EndGlobalSection
	GlobalSection(ExtensibilityGlobals) = postSolution
		SolutionGuid = {5729F794-0AB2-4707-BBF2-C7E819D1E025}
	EndGlobalSection
EndGlobal
